<?xml version="1.0" encoding="utf-8"?>
<Project ToolsVersion="4.0" xmlns="http://schemas.microsoft.com/developer/msbuild/2003">
  <ItemGroup>
    <Filter Include="Amigo">
      <UniqueIdentifier>{92CAD40C-FEDE-FCBD-C760-A01D3334F9EE}</UniqueIdentifier>
    </Filter>
  </ItemGroup>
  <ItemGroup>
    <ClInclude Include="src\Amigo.h" />
    <ClInclude Include="src\Amigo\Application.h">
      <Filter>Amigo</Filter>
    </ClInclude>
    <ClInclude Include="src\Amigo\Core.h">
      <Filter>Amigo</Filter>
    </ClInclude>
    <ClInclude Include="src\Amigo\EntryPoint.h">
      <Filter>Amigo</Filter>
    </ClInclude>
    <ClInclude Include="src\Amigo\Log.h">
      <Filter>Amigo</Filter>
    </ClInclude>
  </ItemGroup>
  <ItemGroup>
    <ClCompile Include="src\Amigo\Application.cpp">
      <Filter>Amigo</Filter>
    </ClCompile>
    <ClCompile Include="src\Amigo\Log.cpp">
      <Filter>Amigo</Filter>
    </ClCompile>
  </ItemGroup>
</Project>